
Microsoft Visual Studio Solution File, Format Version 12.00
# Visual Studio Version 17
VisualStudioVersion = 17.7.34031.279
MinimumVisualStudioVersion = 10.0.40219.1
Project("{FAE04EC0-301F-11D3-BF4B-00C04F79EFBC}") = "задание с последовательностью", "задание с последовательностью\задание с последовательностью.csproj", "{F81667F6-168F-4C8F-93E1-56AE72672E5F}"
EndProject
Global
	GlobalSection(SolutionConfigurationPlatforms) = preSolution
		Debug|Any CPU = Debug|Any CPU
		Release|Any CPU = Release|Any CPU
	EndGlobalSection
	GlobalSection(ProjectConfigurationPlatforms) = postSolution
		{F81667F6-168F-4C8F-93E1-56AE72672E5F}.Debug|Any CPU.ActiveCfg = Debug|Any CPU
		{F81667F6-168F-4C8F-93E1-56AE72672E5F}.Debug|Any CPU.Build.0 = Debug|Any CPU
		{F81667F6-168F-4C8F-93E1-56AE72672E5F}.Release|Any CPU.ActiveCfg = Release|Any CPU
		{F81667F6-168F-4C8F-93E1-56AE72672E5F}.Release|Any CPU.Build.0 = Release|Any CPU
	EndGlobalSection
	GlobalSection(SolutionProperties) = preSolution
		HideSolutionNode = FALSE
	EndGlobalSection
	GlobalSection(ExtensibilityGlobals) = postSolution
		SolutionGuid = {61107983-742E-44B3-BDC3-3E4C9D5F7D29}
	EndGlobalSection
EndGlobal
