
Microsoft Visual Studio Solution File, Format Version 12.00
# Visual Studio Version 17
VisualStudioVersion = 17.7.34031.279
MinimumVisualStudioVersion = 10.0.40219.1
Project("{FAE04EC0-301F-11D3-BF4B-00C04F79EFBC}") = "лабораторная3", "лабораторная3\лабораторная3.csproj", "{D7FC0E89-F0BA-487E-8A4C-B245CE63D85B}"
EndProject
Global
	GlobalSection(SolutionConfigurationPlatforms) = preSolution
		Debug|Any CPU = Debug|Any CPU
		Release|Any CPU = Release|Any CPU
	EndGlobalSection
	GlobalSection(ProjectConfigurationPlatforms) = postSolution
		{D7FC0E89-F0BA-487E-8A4C-B245CE63D85B}.Debug|Any CPU.ActiveCfg = Debug|Any CPU
		{D7FC0E89-F0BA-487E-8A4C-B245CE63D85B}.Debug|Any CPU.Build.0 = Debug|Any CPU
		{D7FC0E89-F0BA-487E-8A4C-B245CE63D85B}.Release|Any CPU.ActiveCfg = Release|Any CPU
		{D7FC0E89-F0BA-487E-8A4C-B245CE63D85B}.Release|Any CPU.Build.0 = Release|Any CPU
	EndGlobalSection
	GlobalSection(SolutionProperties) = preSolution
		HideSolutionNode = FALSE
	EndGlobalSection
	GlobalSection(ExtensibilityGlobals) = postSolution
		SolutionGuid = {A3BC9C93-8E29-44C9-A60B-3C94C400F801}
	EndGlobalSection
EndGlobal
