
Microsoft Visual Studio Solution File, Format Version 12.00
# Visual Studio Version 17
VisualStudioVersion = 17.7.34031.279
MinimumVisualStudioVersion = 10.0.40219.1
Project("{FAE04EC0-301F-11D3-BF4B-00C04F79EFBC}") = "лабораторная4", "лабораторная4\лабораторная4.csproj", "{5B5DC79D-4DA2-4DC9-9903-5301E935AD67}"
EndProject
Global
	GlobalSection(SolutionConfigurationPlatforms) = preSolution
		Debug|Any CPU = Debug|Any CPU
		Release|Any CPU = Release|Any CPU
	EndGlobalSection
	GlobalSection(ProjectConfigurationPlatforms) = postSolution
		{5B5DC79D-4DA2-4DC9-9903-5301E935AD67}.Debug|Any CPU.ActiveCfg = Debug|Any CPU
		{5B5DC79D-4DA2-4DC9-9903-5301E935AD67}.Debug|Any CPU.Build.0 = Debug|Any CPU
		{5B5DC79D-4DA2-4DC9-9903-5301E935AD67}.Release|Any CPU.ActiveCfg = Release|Any CPU
		{5B5DC79D-4DA2-4DC9-9903-5301E935AD67}.Release|Any CPU.Build.0 = Release|Any CPU
	EndGlobalSection
	GlobalSection(SolutionProperties) = preSolution
		HideSolutionNode = FALSE
	EndGlobalSection
	GlobalSection(ExtensibilityGlobals) = postSolution
		SolutionGuid = {38DE3499-CACC-45E4-8778-42A7E3B9C22A}
	EndGlobalSection
EndGlobal
